
Microsoft Visual Studio Solution File, Format Version 12.00
# Visual Studio Version 16
VisualStudioVersion = 16.0.31515.178
MinimumVisualStudioVersion = 10.0.40219.1
Project("{9A19103F-16F7-4668-BE54-9A1E7A4F7556}") = "MurrcatConsoleDbFirst", "MurrcatConsoleDbFirst\MurrcatConsoleDbFirst.csproj", "{C3C7AF3A-F9D0-4CCC-9DCF-939DE6B96DC5}"
EndProject
Global
	GlobalSection(SolutionConfigurationPlatforms) = preSolution
		Debug|Any CPU = Debug|Any CPU
		Release|Any CPU = Release|Any CPU
	EndGlobalSection
	GlobalSection(ProjectConfigurationPlatforms) = postSolution
		{C3C7AF3A-F9D0-4CCC-9DCF-939DE6B96DC5}.Debug|Any CPU.ActiveCfg = Debug|Any CPU
		{C3C7AF3A-F9D0-4CCC-9DCF-939DE6B96DC5}.Debug|Any CPU.Build.0 = Debug|Any CPU
		{C3C7AF3A-F9D0-4CCC-9DCF-939DE6B96DC5}.Release|Any CPU.ActiveCfg = Release|Any CPU
		{C3C7AF3A-F9D0-4CCC-9DCF-939DE6B96DC5}.Release|Any CPU.Build.0 = Release|Any CPU
	EndGlobalSection
	GlobalSection(SolutionProperties) = preSolution
		HideSolutionNode = FALSE
	EndGlobalSection
	GlobalSection(ExtensibilityGlobals) = postSolution
		SolutionGuid = {1EF17D73-C33C-441B-BF8C-AB9548015A62}
	EndGlobalSection
EndGlobal
